<Solution>
  <Project Path="RuinaoSoftwareWpf/RuinaoSoftwareWpf.csproj" />
  <Project Path="RuinaoSoftwareWpf.Tests/RuinaoSoftwareWpf.Tests.csproj" />
  <Project Path="RuinaoHardwareEngineer/RuinaoHardwareEngineer.csproj" />
  <Project Path="RuinaoTesHardware/RuinaoTesHardware.csproj" />
  <Project Path="RuinaoTesProtocol/RuinaoTesProtocol.csproj" />
</Solution>
